
Microsoft Visual Studio Solution File, Format Version 12.00
# Visual Studio Version 16
VisualStudioVersion = 16.0.29324.140
MinimumVisualStudioVersion = 10.0.40219.1
Project("{FAE04EC0-301F-11D3-BF4B-00C04F79EFBC}") = "split-2-folders", "split-2-folders.csproj", "{91EC4C2D-13C0-4E53-AE18-2346B2267B48}"
EndProject
Global
	GlobalSection(SolutionConfigurationPlatforms) = preSolution
		Debug|Any CPU = Debug|Any CPU
		Release|Any CPU = Release|Any CPU
	EndGlobalSection
	GlobalSection(ProjectConfigurationPlatforms) = postSolution
		{91EC4C2D-13C0-4E53-AE18-2346B2267B48}.Debug|Any CPU.ActiveCfg = Debug|Any CPU
		{91EC4C2D-13C0-4E53-AE18-2346B2267B48}.Debug|Any CPU.Build.0 = Debug|Any CPU
		{91EC4C2D-13C0-4E53-AE18-2346B2267B48}.Release|Any CPU.ActiveCfg = Release|Any CPU
		{91EC4C2D-13C0-4E53-AE18-2346B2267B48}.Release|Any CPU.Build.0 = Release|Any CPU
	EndGlobalSection
	GlobalSection(SolutionProperties) = preSolution
		HideSolutionNode = FALSE
	EndGlobalSection
	GlobalSection(ExtensibilityGlobals) = postSolution
		SolutionGuid = {4F3715D0-E138-42EF-91B1-7C3EF5139AA0}
	EndGlobalSection
EndGlobal
